{
  "name": "test_node",
  "version": "1.0.0",
  "lockfileVersion": 1,
  "requires": true,
  "dependencies": {
    "mime": {
      "version": "2.4.4",
      "resolved": "https://registry.npm.taobao.org/mime/download/mime-2.4.4.tgz",
      "integrity": "sha1-vXuRE1/GsBzePpuuM9ZZtj2IV+U="
    },
    "qs": {
      "version": "6.8.0",
      "resolved": "https://registry.npm.taobao.org/qs/download/qs-6.8.0.tgz?cache=0&other_urls=https%3A%2F%2Fregistry.npm.taobao.org%2Fqs%2Fdownload%2Fqs-6.8.0.tgz",
      "integrity": "sha1-h7dj8NN8pUIAM0zVe7Lvj2ih0IE="
    }
  }
}
